// !$*UTF8*$!
{
	archiveVersion = 1;
	classes = {
	};
	objectVersion = 46;
	objects = {

/* Begin PBXBuildFile section */
		03D9939342D1214AF88170B2 /* Pods_WYFISAUITests.framework in Frameworks */ = {isa = PBXBuildFile; fileRef = D1EF753F08E13D92347CDF4F /* Pods_WYFISAUITests.framework */; };
		954FFDB866B56F5FF0C0573C /* Pods_TurnTo.framework in Frameworks */ = {isa = PBXBuildFile; fileRef = B32BF3A7CEE94D0D2A728939 /* Pods_TurnTo.framework */; };
		98D7016DCF5935DB2A5AD85C /* Pods_WYFISATests.framework in Frameworks */ = {isa = PBXBuildFile; fileRef = 231106650F4EB642E443C0B1 /* Pods_WYFISATests.framework */; };
		C306DA0A1DB49B8300D1F962 /* VerseTableDataSource.swift in Sources */ = {isa = PBXBuildFile; fileRef = C306DA091DB49B8300D1F962 /* VerseTableDataSource.swift */; };
		C30963DF1DEFD420009CD474 /* GoogleService-Info.plist in Resources */ = {isa = PBXBuildFile; fileRef = C30963DE1DEFD420009CD474 /* GoogleService-Info.plist */; };
		C30963E11DF03112009CD474 /* ScriptCollection.swift in Sources */ = {isa = PBXBuildFile; fileRef = C30963E01DF03112009CD474 /* ScriptCollection.swift */; };
		C312DE531D6C5A5E0098D0C5 /* WYFISATheme.swift in Sources */ = {isa = PBXBuildFile; fileRef = C312DE521D6C5A5E0098D0C5 /* WYFISATheme.swift */; };
		C316B6B21D3A11CC00E272A3 /* VerseDetailModalViewController.swift in Sources */ = {isa = PBXBuildFile; fileRef = C316B6B11D3A11CC00E272A3 /* VerseDetailModalViewController.swift */; };
		C316B6B61D3A35DE00E272A3 /* SplashScreen.storyboard in Resources */ = {isa = PBXBuildFile; fileRef = C316B6B51D3A35DE00E272A3 /* SplashScreen.storyboard */; };
		C31A7BC61D7FB4D400654753 /* WYFISATutViewController.swift in Sources */ = {isa = PBXBuildFile; fileRef = C31A7BC41D7FB4D400654753 /* WYFISATutViewController.swift */; };
		C31A7BC71D7FB4D400654753 /* WYFISATutViewController.xib in Resources */ = {isa = PBXBuildFile; fileRef = C31A7BC51D7FB4D400654753 /* WYFISATutViewController.xib */; };
		C323F3D71D86EE5B00A7EC95 /* SearchBarViewController.swift in Sources */ = {isa = PBXBuildFile; fileRef = C323F3D61D86EE5B00A7EC95 /* SearchBarViewController.swift */; };
		C3355C591DE939380045E797 /* SearchViewController.swift in Sources */ = {isa = PBXBuildFile; fileRef = C3355C581DE939380045E797 /* SearchViewController.swift */; };
		C338AF381D964B2F004E5E97 /* InfoViewController.swift in Sources */ = {isa = PBXBuildFile; fileRef = C338AF371D964B2F004E5E97 /* InfoViewController.swift */; };
		C3466D5F1E650EA3005EF365 /* CaptureSession.swift in Sources */ = {isa = PBXBuildFile; fileRef = C3466D5E1E650EA3005EF365 /* CaptureSession.swift */; };
		C3466D611E65109E005EF365 /* VerseRecognition.swift in Sources */ = {isa = PBXBuildFile; fileRef = C3466D601E65109E005EF365 /* VerseRecognition.swift */; };
		C34C52341D472E1A001E5F1A /* tessdata in Resources */ = {isa = PBXBuildFile; fileRef = C39090CF1D2C9C88000DFD15 /* tessdata */; };
		C351DB4C1DEDE250009E853D /* CBStorage.swift in Sources */ = {isa = PBXBuildFile; fileRef = C351DB4B1DEDE250009E853D /* CBStorage.swift */; };
		C351DB4E1DEE7668009E853D /* KeyboardObserver.swift in Sources */ = {isa = PBXBuildFile; fileRef = C351DB4D1DEE7668009E853D /* KeyboardObserver.swift */; };
		C351DB501DEF52D7009E853D /* Generics.swift in Sources */ = {isa = PBXBuildFile; fileRef = C351DB4F1DEF52D7009E853D /* Generics.swift */; };
		C351DB521DEFCCEE009E853D /* FBStorage.swift in Sources */ = {isa = PBXBuildFile; fileRef = C351DB511DEFCCEE009E853D /* FBStorage.swift */; };
		C3606CE81DBBBACD00AE2E8B /* ScriptComposeViewController.swift in Sources */ = {isa = PBXBuildFile; fileRef = C3606CE71DBBBACD00AE2E8B /* ScriptComposeViewController.swift */; };
		C362A4441DACD662002B1AF4 /* InitViewController.swift in Sources */ = {isa = PBXBuildFile; fileRef = C362A4431DACD662002B1AF4 /* InitViewController.swift */; };
		C36A24FE1DECB0CE00D2880E /* VerseInfo.swift in Sources */ = {isa = PBXBuildFile; fileRef = C36A24FD1DECB0CE00D2880E /* VerseInfo.swift */; };
		C371D0931D44623F00F944CC /* Assets.xcassets in Resources */ = {isa = PBXBuildFile; fileRef = C390907D1D2C9AF8000DFD15 /* Assets.xcassets */; };
		C374B4A01D8CF4600083366E /* SettingsViewController.swift in Sources */ = {isa = PBXBuildFile; fileRef = C374B49F1D8CF4600083366E /* SettingsViewController.swift */; };
		C379515D1D43D5F4003FB4F5 /* books.json in Resources */ = {isa = PBXBuildFile; fileRef = C379515C1D43D5F4003FB4F5 /* books.json */; };
		C379515E1D43D5F4003FB4F5 /* books.json in Resources */ = {isa = PBXBuildFile; fileRef = C379515C1D43D5F4003FB4F5 /* books.json */; };
		C37951601D43D62A003FB4F5 /* Books.swift in Sources */ = {isa = PBXBuildFile; fileRef = C379515F1D43D62A003FB4F5 /* Books.swift */; };
		C37951621D442023003FB4F5 /* OCR.swift in Sources */ = {isa = PBXBuildFile; fileRef = C37951611D442023003FB4F5 /* OCR.swift */; };
		C37951661D44306C003FB4F5 /* ImageFilter.swift in Sources */ = {isa = PBXBuildFile; fileRef = C37951651D44306C003FB4F5 /* ImageFilter.swift */; };
		C37A7E3F1D3ABFF300F37F20 /* WYFISAExtentions.swift in Sources */ = {isa = PBXBuildFile; fileRef = C37A7E3E1D3ABFF300F37F20 /* WYFISAExtentions.swift */; };
		C38E6F1D1D3FDD1700833356 /* Assets.xcassets in Resources */ = {isa = PBXBuildFile; fileRef = C390907D1D2C9AF8000DFD15 /* Assets.xcassets */; };
		C39090771D2C9AF8000DFD15 /* AppDelegate.swift in Sources */ = {isa = PBXBuildFile; fileRef = C39090761D2C9AF8000DFD15 /* AppDelegate.swift */; };
		C39090791D2C9AF8000DFD15 /* ViewController.swift in Sources */ = {isa = PBXBuildFile; fileRef = C39090781D2C9AF8000DFD15 /* ViewController.swift */; };
		C390907C1D2C9AF8000DFD15 /* Main.storyboard in Resources */ = {isa = PBXBuildFile; fileRef = C390907A1D2C9AF8000DFD15 /* Main.storyboard */; };
		C390908C1D2C9AF8000DFD15 /* WYFISATests.swift in Sources */ = {isa = PBXBuildFile; fileRef = C390908B1D2C9AF8000DFD15 /* WYFISATests.swift */; };
		C39090971D2C9AF8000DFD15 /* WYFISAUITests.swift in Sources */ = {isa = PBXBuildFile; fileRef = C39090961D2C9AF8000DFD15 /* WYFISAUITests.swift */; };
		C39090D01D2C9C88000DFD15 /* tessdata in Resources */ = {isa = PBXBuildFile; fileRef = C39090CF1D2C9C88000DFD15 /* tessdata */; };
		C39090D61D2CA66D000DFD15 /* libstdc++.tbd in Frameworks */ = {isa = PBXBuildFile; fileRef = C39090D51D2CA66D000DFD15 /* libstdc++.tbd */; };
		C39090D81D2CA67B000DFD15 /* CoreImage.framework in Frameworks */ = {isa = PBXBuildFile; fileRef = C39090D71D2CA67B000DFD15 /* CoreImage.framework */; };
		C3A5A73C1D9A1F6D00A22FDB /* t_kjv.db in Resources */ = {isa = PBXBuildFile; fileRef = C3A5A73B1D9A1F6D00A22FDB /* t_kjv.db */; };
		C3A5A73E1D9A22FF00A22FDB /* cross_ref.db in Resources */ = {isa = PBXBuildFile; fileRef = C3A5A73D1D9A22FF00A22FDB /* cross_ref.db */; };
		C3A5A7401D9A249E00A22FDB /* t_web.db in Resources */ = {isa = PBXBuildFile; fileRef = C3A5A73F1D9A249E00A22FDB /* t_web.db */; };
		C3AEF17C1DEB8D0C007750A8 /* NotesViewController.swift in Sources */ = {isa = PBXBuildFile; fileRef = C3AEF17B1DEB8D0C007750A8 /* NotesViewController.swift */; };
		C3D5065A1D3932FB00A04C83 /* Animations.swift in Sources */ = {isa = PBXBuildFile; fileRef = C3D506591D3932FB00A04C83 /* Animations.swift */; };
		C3E0712C1D4DB54900097D01 /* WYFISAFont.swift in Sources */ = {isa = PBXBuildFile; fileRef = C3E0712B1D4DB54900097D01 /* WYFISAFont.swift */; };
		C3EE86B31E7111BC004CB24C /* CaptureViewController.swift in Sources */ = {isa = PBXBuildFile; fileRef = C3EE86B21E7111BC004CB24C /* CaptureViewController.swift */; };
		C3F4FA221DF550CF00301445 /* ScriptViewController.swift in Sources */ = {isa = PBXBuildFile; fileRef = C3F4FA211DF550CF00301445 /* ScriptViewController.swift */; };
		C3F53B711D36219400E2F80D /* CameraManager.swift in Sources */ = {isa = PBXBuildFile; fileRef = C3F53B701D36219400E2F80D /* CameraManager.swift */; };
		C3F53B761D36945900E2F80D /* VerseTableViewCell.swift in Sources */ = {isa = PBXBuildFile; fileRef = C3F53B741D36945900E2F80D /* VerseTableViewCell.swift */; };
		C3F53B771D36945900E2F80D /* VerseTableViewCell.xib in Resources */ = {isa = PBXBuildFile; fileRef = C3F53B751D36945900E2F80D /* VerseTableViewCell.xib */; };
		C3F53B791D36973D00E2F80D /* VerseTableView.swift in Sources */ = {isa = PBXBuildFile; fileRef = C3F53B781D36973D00E2F80D /* VerseTableView.swift */; };
		C3F53B901D372C0200E2F80D /* TextMatcher.swift in Sources */ = {isa = PBXBuildFile; fileRef = C3F53B8F1D372C0200E2F80D /* TextMatcher.swift */; };
		C3F53B941D3741E900E2F80D /* libsqlite3.tbd in Frameworks */ = {isa = PBXBuildFile; fileRef = C3F53B931D3741E900E2F80D /* libsqlite3.tbd */; };
		C3F53B961D37499700E2F80D /* DBQuery.swift in Sources */ = {isa = PBXBuildFile; fileRef = C3F53B951D37499700E2F80D /* DBQuery.swift */; };
/* End PBXBuildFile section */

/* Begin PBXContainerItemProxy section */
		C39090881D2C9AF8000DFD15 /* PBXContainerItemProxy */ = {
			isa = PBXContainerItemProxy;
			containerPortal = C390906B1D2C9AF7000DFD15 /* Project object */;
			proxyType = 1;
			remoteGlobalIDString = C39090721D2C9AF7000DFD15;
			remoteInfo = WYFISA;
		};
		C39090931D2C9AF8000DFD15 /* PBXContainerItemProxy */ = {
			isa = PBXContainerItemProxy;
			containerPortal = C390906B1D2C9AF7000DFD15 /* Project object */;
			proxyType = 1;
			remoteGlobalIDString = C39090721D2C9AF7000DFD15;
			remoteInfo = WYFISA;
		};
/* End PBXContainerItemProxy section */

/* Begin PBXFileReference section */
		231106650F4EB642E443C0B1 /* Pods_WYFISATests.framework */ = {isa = PBXFileReference; explicitFileType = wrapper.framework; includeInIndex = 0; path = Pods_WYFISATests.framework; sourceTree = BUILT_PRODUCTS_DIR; };
		3D9BF9E9813626DC314D056D /* Pods-WYFISAUITests.release.xcconfig */ = {isa = PBXFileReference; includeInIndex = 1; lastKnownFileType = text.xcconfig; name = "Pods-WYFISAUITests.release.xcconfig"; path = "Pods/Target Support Files/Pods-WYFISAUITests/Pods-WYFISAUITests.release.xcconfig"; sourceTree = "<group>"; };
		9A9540C1BF0C453DF155597D /* Pods-WYFISA.debug.xcconfig */ = {isa = PBXFileReference; includeInIndex = 1; lastKnownFileType = text.xcconfig; name = "Pods-WYFISA.debug.xcconfig"; path = "Pods/Target Support Files/Pods-WYFISA/Pods-WYFISA.debug.xcconfig"; sourceTree = "<group>"; };
		B32BF3A7CEE94D0D2A728939 /* Pods_TurnTo.framework */ = {isa = PBXFileReference; explicitFileType = wrapper.framework; includeInIndex = 0; path = Pods_TurnTo.framework; sourceTree = BUILT_PRODUCTS_DIR; };
		B7CA6EF516FA081AC3336C39 /* Pods-TurnTo.release.xcconfig */ = {isa = PBXFileReference; includeInIndex = 1; lastKnownFileType = text.xcconfig; name = "Pods-TurnTo.release.xcconfig"; path = "Pods/Target Support Files/Pods-TurnTo/Pods-TurnTo.release.xcconfig"; sourceTree = "<group>"; };
		C036CFC08D857FBD0986B028 /* Pods-WYFISATests.debug.xcconfig */ = {isa = PBXFileReference; includeInIndex = 1; lastKnownFileType = text.xcconfig; name = "Pods-WYFISATests.debug.xcconfig"; path = "Pods/Target Support Files/Pods-WYFISATests/Pods-WYFISATests.debug.xcconfig"; sourceTree = "<group>"; };
		C306DA091DB49B8300D1F962 /* VerseTableDataSource.swift */ = {isa = PBXFileReference; fileEncoding = 4; lastKnownFileType = sourcecode.swift; path = VerseTableDataSource.swift; sourceTree = "<group>"; };
		C30963DE1DEFD420009CD474 /* GoogleService-Info.plist */ = {isa = PBXFileReference; fileEncoding = 4; lastKnownFileType = text.plist.xml; path = "GoogleService-Info.plist"; sourceTree = "<group>"; };
		C30963E01DF03112009CD474 /* ScriptCollection.swift */ = {isa = PBXFileReference; fileEncoding = 4; lastKnownFileType = sourcecode.swift; path = ScriptCollection.swift; sourceTree = "<group>"; };
		C312DE521D6C5A5E0098D0C5 /* WYFISATheme.swift */ = {isa = PBXFileReference; fileEncoding = 4; lastKnownFileType = sourcecode.swift; path = WYFISATheme.swift; sourceTree = "<group>"; };
		C316B6B11D3A11CC00E272A3 /* VerseDetailModalViewController.swift */ = {isa = PBXFileReference; fileEncoding = 4; lastKnownFileType = sourcecode.swift; path = VerseDetailModalViewController.swift; sourceTree = "<group>"; };
		C316B6B51D3A35DE00E272A3 /* SplashScreen.storyboard */ = {isa = PBXFileReference; fileEncoding = 4; lastKnownFileType = file.storyboard; path = SplashScreen.storyboard; sourceTree = "<group>"; };
		C31A7BC41D7FB4D400654753 /* WYFISATutViewController.swift */ = {isa = PBXFileReference; fileEncoding = 4; lastKnownFileType = sourcecode.swift; path = WYFISATutViewController.swift; sourceTree = "<group>"; };
		C31A7BC51D7FB4D400654753 /* WYFISATutViewController.xib */ = {isa = PBXFileReference; fileEncoding = 4; lastKnownFileType = file.xib; path = WYFISATutViewController.xib; sourceTree = "<group>"; };
		C323F3D61D86EE5B00A7EC95 /* SearchBarViewController.swift */ = {isa = PBXFileReference; fileEncoding = 4; lastKnownFileType = sourcecode.swift; name = SearchBarViewController.swift; path = ../SearchBarViewController.swift; sourceTree = "<group>"; };
		C3355C581DE939380045E797 /* SearchViewController.swift */ = {isa = PBXFileReference; fileEncoding = 4; lastKnownFileType = sourcecode.swift; path = SearchViewController.swift; sourceTree = "<group>"; };
		C338AF371D964B2F004E5E97 /* InfoViewController.swift */ = {isa = PBXFileReference; fileEncoding = 4; lastKnownFileType = sourcecode.swift; name = InfoViewController.swift; path = ../InfoViewController.swift; sourceTree = "<group>"; };
		C3466D5E1E650EA3005EF365 /* CaptureSession.swift */ = {isa = PBXFileReference; fileEncoding = 4; lastKnownFileType = sourcecode.swift; path = CaptureSession.swift; sourceTree = "<group>"; };
		C3466D601E65109E005EF365 /* VerseRecognition.swift */ = {isa = PBXFileReference; fileEncoding = 4; lastKnownFileType = sourcecode.swift; path = VerseRecognition.swift; sourceTree = "<group>"; };
		C351DB4B1DEDE250009E853D /* CBStorage.swift */ = {isa = PBXFileReference; fileEncoding = 4; lastKnownFileType = sourcecode.swift; path = CBStorage.swift; sourceTree = "<group>"; };
		C351DB4D1DEE7668009E853D /* KeyboardObserver.swift */ = {isa = PBXFileReference; fileEncoding = 4; lastKnownFileType = sourcecode.swift; path = KeyboardObserver.swift; sourceTree = "<group>"; };
		C351DB4F1DEF52D7009E853D /* Generics.swift */ = {isa = PBXFileReference; fileEncoding = 4; lastKnownFileType = sourcecode.swift; path = Generics.swift; sourceTree = "<group>"; };
		C351DB511DEFCCEE009E853D /* FBStorage.swift */ = {isa = PBXFileReference; fileEncoding = 4; lastKnownFileType = sourcecode.swift; path = FBStorage.swift; sourceTree = "<group>"; };
		C3606CE71DBBBACD00AE2E8B /* ScriptComposeViewController.swift */ = {isa = PBXFileReference; fileEncoding = 4; lastKnownFileType = sourcecode.swift; path = ScriptComposeViewController.swift; sourceTree = "<group>"; };
		C362A4431DACD662002B1AF4 /* InitViewController.swift */ = {isa = PBXFileReference; fileEncoding = 4; lastKnownFileType = sourcecode.swift; path = InitViewController.swift; sourceTree = "<group>"; };
		C36A24FD1DECB0CE00D2880E /* VerseInfo.swift */ = {isa = PBXFileReference; fileEncoding = 4; lastKnownFileType = sourcecode.swift; path = VerseInfo.swift; sourceTree = "<group>"; };
		C374B49F1D8CF4600083366E /* SettingsViewController.swift */ = {isa = PBXFileReference; fileEncoding = 4; lastKnownFileType = sourcecode.swift; path = SettingsViewController.swift; sourceTree = "<group>"; };
		C379515C1D43D5F4003FB4F5 /* books.json */ = {isa = PBXFileReference; fileEncoding = 4; lastKnownFileType = text.json; path = books.json; sourceTree = "<group>"; };
		C379515F1D43D62A003FB4F5 /* Books.swift */ = {isa = PBXFileReference; fileEncoding = 4; lastKnownFileType = sourcecode.swift; path = Books.swift; sourceTree = "<group>"; };
		C37951611D442023003FB4F5 /* OCR.swift */ = {isa = PBXFileReference; fileEncoding = 4; lastKnownFileType = sourcecode.swift; path = OCR.swift; sourceTree = "<group>"; };
		C37951651D44306C003FB4F5 /* ImageFilter.swift */ = {isa = PBXFileReference; fileEncoding = 4; lastKnownFileType = sourcecode.swift; path = ImageFilter.swift; sourceTree = "<group>"; };
		C37A7E3E1D3ABFF300F37F20 /* WYFISAExtentions.swift */ = {isa = PBXFileReference; fileEncoding = 4; lastKnownFileType = sourcecode.swift; path = WYFISAExtentions.swift; sourceTree = "<group>"; };
		C39090731D2C9AF7000DFD15 /* TurnTo.app */ = {isa = PBXFileReference; explicitFileType = wrapper.application; includeInIndex = 0; path = TurnTo.app; sourceTree = BUILT_PRODUCTS_DIR; };
		C39090761D2C9AF8000DFD15 /* AppDelegate.swift */ = {isa = PBXFileReference; lastKnownFileType = sourcecode.swift; path = AppDelegate.swift; sourceTree = "<group>"; };
		C39090781D2C9AF8000DFD15 /* ViewController.swift */ = {isa = PBXFileReference; lastKnownFileType = sourcecode.swift; path = ViewController.swift; sourceTree = "<group>"; };
		C390907B1D2C9AF8000DFD15 /* Base */ = {isa = PBXFileReference; lastKnownFileType = file.storyboard; name = Base; path = Base.lproj/Main.storyboard; sourceTree = "<group>"; };
		C390907D1D2C9AF8000DFD15 /* Assets.xcassets */ = {isa = PBXFileReference; lastKnownFileType = folder.assetcatalog; path = Assets.xcassets; sourceTree = "<group>"; };
		C39090821D2C9AF8000DFD15 /* Info.plist */ = {isa = PBXFileReference; lastKnownFileType = text.plist.xml; path = Info.plist; sourceTree = "<group>"; };
		C39090871D2C9AF8000DFD15 /* WYFISATests.xctest */ = {isa = PBXFileReference; explicitFileType = wrapper.cfbundle; includeInIndex = 0; path = WYFISATests.xctest; sourceTree = BUILT_PRODUCTS_DIR; };
		C390908B1D2C9AF8000DFD15 /* WYFISATests.swift */ = {isa = PBXFileReference; lastKnownFileType = sourcecode.swift; path = WYFISATests.swift; sourceTree = "<group>"; };
		C390908D1D2C9AF8000DFD15 /* Info.plist */ = {isa = PBXFileReference; lastKnownFileType = text.plist.xml; path = Info.plist; sourceTree = "<group>"; };
		C39090921D2C9AF8000DFD15 /* WYFISAUITests.xctest */ = {isa = PBXFileReference; explicitFileType = wrapper.cfbundle; includeInIndex = 0; path = WYFISAUITests.xctest; sourceTree = BUILT_PRODUCTS_DIR; };
		C39090961D2C9AF8000DFD15 /* WYFISAUITests.swift */ = {isa = PBXFileReference; lastKnownFileType = sourcecode.swift; path = WYFISAUITests.swift; sourceTree = "<group>"; };
		C39090981D2C9AF8000DFD15 /* Info.plist */ = {isa = PBXFileReference; lastKnownFileType = text.plist.xml; path = Info.plist; sourceTree = "<group>"; };
		C39090CF1D2C9C88000DFD15 /* tessdata */ = {isa = PBXFileReference; lastKnownFileType = folder; path = tessdata; sourceTree = "<group>"; };
		C39090D21D2C9DE7000DFD15 /* WYFISA-Bridging-Header.h */ = {isa = PBXFileReference; lastKnownFileType = sourcecode.c.h; path = "WYFISA-Bridging-Header.h"; sourceTree = SOURCE_ROOT; };
		C39090D51D2CA66D000DFD15 /* libstdc++.tbd */ = {isa = PBXFileReference; lastKnownFileType = "sourcecode.text-based-dylib-definition"; name = "libstdc++.tbd"; path = "usr/lib/libstdc++.tbd"; sourceTree = SDKROOT; };
		C39090D71D2CA67B000DFD15 /* CoreImage.framework */ = {isa = PBXFileReference; lastKnownFileType = wrapper.framework; name = CoreImage.framework; path = System/Library/Frameworks/CoreImage.framework; sourceTree = SDKROOT; };
		C39E354E1DA1B4C90063AB14 /* CouchbaseLite.framework */ = {isa = PBXFileReference; lastKnownFileType = wrapper.framework; name = CouchbaseLite.framework; path = "../../Downloads/couchbase-lite-ios-enterprise_1.3.1-6/CouchbaseLite.framework"; sourceTree = "<group>"; };
		C3A5A73B1D9A1F6D00A22FDB /* t_kjv.db */ = {isa = PBXFileReference; lastKnownFileType = file; path = t_kjv.db; sourceTree = "<group>"; };
		C3A5A73D1D9A22FF00A22FDB /* cross_ref.db */ = {isa = PBXFileReference; lastKnownFileType = file; path = cross_ref.db; sourceTree = "<group>"; };
		C3A5A73F1D9A249E00A22FDB /* t_web.db */ = {isa = PBXFileReference; lastKnownFileType = file; path = t_web.db; sourceTree = "<group>"; };
		C3AEF17B1DEB8D0C007750A8 /* NotesViewController.swift */ = {isa = PBXFileReference; fileEncoding = 4; lastKnownFileType = sourcecode.swift; name = NotesViewController.swift; path = ../NotesViewController.swift; sourceTree = "<group>"; };
		C3D506571D38D56200A04C83 /* AVFoundation.framework */ = {isa = PBXFileReference; lastKnownFileType = wrapper.framework; name = AVFoundation.framework; path = System/Library/Frameworks/AVFoundation.framework; sourceTree = SDKROOT; };
		C3D506591D3932FB00A04C83 /* Animations.swift */ = {isa = PBXFileReference; fileEncoding = 4; lastKnownFileType = sourcecode.swift; path = Animations.swift; sourceTree = "<group>"; };
		C3E0712B1D4DB54900097D01 /* WYFISAFont.swift */ = {isa = PBXFileReference; fileEncoding = 4; lastKnownFileType = sourcecode.swift; path = WYFISAFont.swift; sourceTree = "<group>"; };
		C3EE86B21E7111BC004CB24C /* CaptureViewController.swift */ = {isa = PBXFileReference; fileEncoding = 4; lastKnownFileType = sourcecode.swift; path = CaptureViewController.swift; sourceTree = "<group>"; };
		C3F4FA211DF550CF00301445 /* ScriptViewController.swift */ = {isa = PBXFileReference; fileEncoding = 4; lastKnownFileType = sourcecode.swift; name = ScriptViewController.swift; path = ../ScriptViewController.swift; sourceTree = "<group>"; };
		C3F53B701D36219400E2F80D /* CameraManager.swift */ = {isa = PBXFileReference; fileEncoding = 4; lastKnownFileType = sourcecode.swift; path = CameraManager.swift; sourceTree = "<group>"; };
		C3F53B741D36945900E2F80D /* VerseTableViewCell.swift */ = {isa = PBXFileReference; fileEncoding = 4; lastKnownFileType = sourcecode.swift; path = VerseTableViewCell.swift; sourceTree = "<group>"; };
		C3F53B751D36945900E2F80D /* VerseTableViewCell.xib */ = {isa = PBXFileReference; fileEncoding = 4; lastKnownFileType = file.xib; path = VerseTableViewCell.xib; sourceTree = "<group>"; };
		C3F53B781D36973D00E2F80D /* VerseTableView.swift */ = {isa = PBXFileReference; fileEncoding = 4; lastKnownFileType = sourcecode.swift; path = VerseTableView.swift; sourceTree = "<group>"; };
		C3F53B8F1D372C0200E2F80D /* TextMatcher.swift */ = {isa = PBXFileReference; fileEncoding = 4; lastKnownFileType = sourcecode.swift; path = TextMatcher.swift; sourceTree = "<group>"; };
		C3F53B931D3741E900E2F80D /* libsqlite3.tbd */ = {isa = PBXFileReference; lastKnownFileType = "sourcecode.text-based-dylib-definition"; name = libsqlite3.tbd; path = usr/lib/libsqlite3.tbd; sourceTree = SDKROOT; };
		C3F53B951D37499700E2F80D /* DBQuery.swift */ = {isa = PBXFileReference; fileEncoding = 4; lastKnownFileType = sourcecode.swift; path = DBQuery.swift; sourceTree = "<group>"; };
		D1EF753F08E13D92347CDF4F /* Pods_WYFISAUITests.framework */ = {isa = PBXFileReference; explicitFileType = wrapper.framework; includeInIndex = 0; path = Pods_WYFISAUITests.framework; sourceTree = BUILT_PRODUCTS_DIR; };
		D2F27709CA69FB9B452B1096 /* Pods-TurnTo.debug.xcconfig */ = {isa = PBXFileReference; includeInIndex = 1; lastKnownFileType = text.xcconfig; name = "Pods-TurnTo.debug.xcconfig"; path = "Pods/Target Support Files/Pods-TurnTo/Pods-TurnTo.debug.xcconfig"; sourceTree = "<group>"; };
		DFB37D9B6C6699CDF4F5D6A3 /* Pods-WYFISATests.release.xcconfig */ = {isa = PBXFileReference; includeInIndex = 1; lastKnownFileType = text.xcconfig; name = "Pods-WYFISATests.release.xcconfig"; path = "Pods/Target Support Files/Pods-WYFISATests/Pods-WYFISATests.release.xcconfig"; sourceTree = "<group>"; };
		E61390F4B2C52154413DE31F /* Pods-WYFISAUITests.debug.xcconfig */ = {isa = PBXFileReference; includeInIndex = 1; lastKnownFileType = text.xcconfig; name = "Pods-WYFISAUITests.debug.xcconfig"; path = "Pods/Target Support Files/Pods-WYFISAUITests/Pods-WYFISAUITests.debug.xcconfig"; sourceTree = "<group>"; };
		E9F4F8F88AD130A5788730D0 /* Pods-WYFISA.release.xcconfig */ = {isa = PBXFileReference; includeInIndex = 1; lastKnownFileType = text.xcconfig; name = "Pods-WYFISA.release.xcconfig"; path = "Pods/Target Support Files/Pods-WYFISA/Pods-WYFISA.release.xcconfig"; sourceTree = "<group>"; };
		FAB717778A049EF575F54BB1 /* Pods_WYFISA.framework */ = {isa = PBXFileReference; explicitFileType = wrapper.framework; includeInIndex = 0; path = Pods_WYFISA.framework; sourceTree = BUILT_PRODUCTS_DIR; };
/* End PBXFileReference section */

/* Begin PBXFrameworksBuildPhase section */
		C39090701D2C9AF7000DFD15 /* Frameworks */ = {
			isa = PBXFrameworksBuildPhase;
			buildActionMask = 2147483647;
			files = (
				C3F53B941D3741E900E2F80D /* libsqlite3.tbd in Frameworks */,
				C39090D81D2CA67B000DFD15 /* CoreImage.framework in Frameworks */,
				C39090D61D2CA66D000DFD15 /* libstdc++.tbd in Frameworks */,
				954FFDB866B56F5FF0C0573C /* Pods_TurnTo.framework in Frameworks */,
			);
			runOnlyForDeploymentPostprocessing = 0;
		};
		C39090841D2C9AF8000DFD15 /* Frameworks */ = {
			isa = PBXFrameworksBuildPhase;
			buildActionMask = 2147483647;
			files = (
				98D7016DCF5935DB2A5AD85C /* Pods_WYFISATests.framework in Frameworks */,
			);
			runOnlyForDeploymentPostprocessing = 0;
		};
		C390908F1D2C9AF8000DFD15 /* Frameworks */ = {
			isa = PBXFrameworksBuildPhase;
			buildActionMask = 2147483647;
			files = (
				03D9939342D1214AF88170B2 /* Pods_WYFISAUITests.framework in Frameworks */,
			);
			runOnlyForDeploymentPostprocessing = 0;
		};
/* End PBXFrameworksBuildPhase section */

/* Begin PBXGroup section */
		48DA7CC9B0F5C0687A94B2DD /* Frameworks */ = {
			isa = PBXGroup;
			children = (
				C39E354E1DA1B4C90063AB14 /* CouchbaseLite.framework */,
				C3D506571D38D56200A04C83 /* AVFoundation.framework */,
				C3F53B931D3741E900E2F80D /* libsqlite3.tbd */,
				FAB717778A049EF575F54BB1 /* Pods_WYFISA.framework */,
				231106650F4EB642E443C0B1 /* Pods_WYFISATests.framework */,
				D1EF753F08E13D92347CDF4F /* Pods_WYFISAUITests.framework */,
				B32BF3A7CEE94D0D2A728939 /* Pods_TurnTo.framework */,
			);
			name = Frameworks;
			sourceTree = "<group>";
		};
		C390906A1D2C9AF7000DFD15 = {
			isa = PBXGroup;
			children = (
				C39090D71D2CA67B000DFD15 /* CoreImage.framework */,
				C39090D51D2CA66D000DFD15 /* libstdc++.tbd */,
				C39090751D2C9AF8000DFD15 /* WYFISA */,
				C390908A1D2C9AF8000DFD15 /* WYFISATests */,
				C39090951D2C9AF8000DFD15 /* WYFISAUITests */,
				C39090741D2C9AF7000DFD15 /* Products */,
				D35592CF146D575B8342CD03 /* Pods */,
				48DA7CC9B0F5C0687A94B2DD /* Frameworks */,
			);
			sourceTree = "<group>";
		};
		C39090741D2C9AF7000DFD15 /* Products */ = {
			isa = PBXGroup;
			children = (
				C39090731D2C9AF7000DFD15 /* TurnTo.app */,
				C39090871D2C9AF8000DFD15 /* WYFISATests.xctest */,
				C39090921D2C9AF8000DFD15 /* WYFISAUITests.xctest */,
			);
			name = Products;
			sourceTree = "<group>";
		};
		C39090751D2C9AF8000DFD15 /* WYFISA */ = {
			isa = PBXGroup;
			children = (
				C3D506591D3932FB00A04C83 /* Animations.swift */,
				C39090761D2C9AF8000DFD15 /* AppDelegate.swift */,
				C379515F1D43D62A003FB4F5 /* Books.swift */,
				C351DB4B1DEDE250009E853D /* CBStorage.swift */,
				C3F53B701D36219400E2F80D /* CameraManager.swift */,
				C3466D5E1E650EA3005EF365 /* CaptureSession.swift */,
				C3EE86B21E7111BC004CB24C /* CaptureViewController.swift */,
				C3F53B951D37499700E2F80D /* DBQuery.swift */,
				C351DB511DEFCCEE009E853D /* FBStorage.swift */,
				C351DB4F1DEF52D7009E853D /* Generics.swift */,
				C37951651D44306C003FB4F5 /* ImageFilter.swift */,
				C362A4431DACD662002B1AF4 /* InitViewController.swift */,
				C338AF371D964B2F004E5E97 /* InfoViewController.swift */,
				C3AEF17B1DEB8D0C007750A8 /* NotesViewController.swift */,
				C37951611D442023003FB4F5 /* OCR.swift */,
				C351DB4D1DEE7668009E853D /* KeyboardObserver.swift */,
				C30963E01DF03112009CD474 /* ScriptCollection.swift */,
				C3606CE71DBBBACD00AE2E8B /* ScriptComposeViewController.swift */,
				C3F4FA211DF550CF00301445 /* ScriptViewController.swift */,
				C3355C581DE939380045E797 /* SearchViewController.swift */,
				C323F3D61D86EE5B00A7EC95 /* SearchBarViewController.swift */,
				C374B49F1D8CF4600083366E /* SettingsViewController.swift */,
				C3F53B8F1D372C0200E2F80D /* TextMatcher.swift */,
				C39090781D2C9AF8000DFD15 /* ViewController.swift */,
				C316B6B11D3A11CC00E272A3 /* VerseDetailModalViewController.swift */,
				C36A24FD1DECB0CE00D2880E /* VerseInfo.swift */,
				C3466D601E65109E005EF365 /* VerseRecognition.swift */,
				C306DA091DB49B8300D1F962 /* VerseTableDataSource.swift */,
				C3F53B781D36973D00E2F80D /* VerseTableView.swift */,
				C3F53B741D36945900E2F80D /* VerseTableViewCell.swift */,
				C37A7E3E1D3ABFF300F37F20 /* WYFISAExtentions.swift */,
				C3E0712B1D4DB54900097D01 /* WYFISAFont.swift */,
				C312DE521D6C5A5E0098D0C5 /* WYFISATheme.swift */,
				C31A7BC41D7FB4D400654753 /* WYFISATutViewController.swift */,
				C390907A1D2C9AF8000DFD15 /* Main.storyboard */,
				C316B6B51D3A35DE00E272A3 /* SplashScreen.storyboard */,
				C3F53B751D36945900E2F80D /* VerseTableViewCell.xib */,
				C31A7BC51D7FB4D400654753 /* WYFISATutViewController.xib */,
				C390907D1D2C9AF8000DFD15 /* Assets.xcassets */,
				C30963DE1DEFD420009CD474 /* GoogleService-Info.plist */,
				C39090821D2C9AF8000DFD15 /* Info.plist */,
				C379515C1D43D5F4003FB4F5 /* books.json */,
				C39090D21D2C9DE7000DFD15 /* WYFISA-Bridging-Header.h */,
				C3A5A73D1D9A22FF00A22FDB /* cross_ref.db */,
				C3A5A73F1D9A249E00A22FDB /* t_web.db */,
				C3A5A73B1D9A1F6D00A22FDB /* t_kjv.db */,
				C39090CF1D2C9C88000DFD15 /* tessdata */,
			);
			path = WYFISA;
			sourceTree = "<group>";
		};
		C390908A1D2C9AF8000DFD15 /* WYFISATests */ = {
			isa = PBXGroup;
			children = (
				C390908B1D2C9AF8000DFD15 /* WYFISATests.swift */,
				C390908D1D2C9AF8000DFD15 /* Info.plist */,
			);
			path = WYFISATests;
			sourceTree = "<group>";
		};
		C39090951D2C9AF8000DFD15 /* WYFISAUITests */ = {
			isa = PBXGroup;
			children = (
				C39090961D2C9AF8000DFD15 /* WYFISAUITests.swift */,
				C39090981D2C9AF8000DFD15 /* Info.plist */,
			);
			path = WYFISAUITests;
			sourceTree = "<group>";
		};
		D35592CF146D575B8342CD03 /* Pods */ = {
			isa = PBXGroup;
			children = (
				9A9540C1BF0C453DF155597D /* Pods-WYFISA.debug.xcconfig */,
				E9F4F8F88AD130A5788730D0 /* Pods-WYFISA.release.xcconfig */,
				C036CFC08D857FBD0986B028 /* Pods-WYFISATests.debug.xcconfig */,
				DFB37D9B6C6699CDF4F5D6A3 /* Pods-WYFISATests.release.xcconfig */,
				E61390F4B2C52154413DE31F /* Pods-WYFISAUITests.debug.xcconfig */,
				3D9BF9E9813626DC314D056D /* Pods-WYFISAUITests.release.xcconfig */,
				D2F27709CA69FB9B452B1096 /* Pods-TurnTo.debug.xcconfig */,
				B7CA6EF516FA081AC3336C39 /* Pods-TurnTo.release.xcconfig */,
			);
			name = Pods;
			sourceTree = "<group>";
		};
/* End PBXGroup section */

/* Begin PBXNativeTarget section */
		C39090721D2C9AF7000DFD15 /* TurnTo */ = {
			isa = PBXNativeTarget;
			buildConfigurationList = C390909B1D2C9AF8000DFD15 /* Build configuration list for PBXNativeTarget "TurnTo" */;
			buildPhases = (
				4CA02A7352C49D622A5985CA /* [CP] Check Pods Manifest.lock */,
				C390906F1D2C9AF7000DFD15 /* Sources */,
				C39090701D2C9AF7000DFD15 /* Frameworks */,
				C39090711D2C9AF7000DFD15 /* Resources */,
				79D8976D47A968B6183153D9 /* [CP] Embed Pods Frameworks */,
				88E0BA67B097546918105B8E /* [CP] Copy Pods Resources */,
			);
			buildRules = (
			);
			dependencies = (
			);
			name = TurnTo;
			productName = WYFISA;
			productReference = C39090731D2C9AF7000DFD15 /* TurnTo.app */;
			productType = "com.apple.product-type.application";
		};
		C39090861D2C9AF8000DFD15 /* WYFISATests */ = {
			isa = PBXNativeTarget;
			buildConfigurationList = C390909E1D2C9AF8000DFD15 /* Build configuration list for PBXNativeTarget "WYFISATests" */;
			buildPhases = (
				D59691D1F4C6B956D367C0CB /* [CP] Check Pods Manifest.lock */,
				C39090831D2C9AF8000DFD15 /* Sources */,
				C39090841D2C9AF8000DFD15 /* Frameworks */,
				C39090851D2C9AF8000DFD15 /* Resources */,
				1EBA42FBDAA00F6C5AB0EA6C /* [CP] Embed Pods Frameworks */,
				C5F260872C3E7F8FC098B02E /* [CP] Copy Pods Resources */,
			);
			buildRules = (
			);
			dependencies = (
				C39090891D2C9AF8000DFD15 /* PBXTargetDependency */,
			);
			name = WYFISATests;
			productName = WYFISATests;
			productReference = C39090871D2C9AF8000DFD15 /* WYFISATests.xctest */;
			productType = "com.apple.product-type.bundle.unit-test";
		};
		C39090911D2C9AF8000DFD15 /* WYFISAUITests */ = {
			isa = PBXNativeTarget;
			buildConfigurationList = C39090A11D2C9AF8000DFD15 /* Build configuration list for PBXNativeTarget "WYFISAUITests" */;
			buildPhases = (
				D71E556E2E52E8313BC8F4A6 /* [CP] Check Pods Manifest.lock */,
				C390908E1D2C9AF8000DFD15 /* Sources */,
				C390908F1D2C9AF8000DFD15 /* Frameworks */,
				C39090901D2C9AF8000DFD15 /* Resources */,
				E4D8CF0BA141658F11377302 /* [CP] Copy Pods Resources */,
			);
			buildRules = (
			);
			dependencies = (
				C39090941D2C9AF8000DFD15 /* PBXTargetDependency */,
			);
			name = WYFISAUITests;
			productName = WYFISAUITests;
			productReference = C39090921D2C9AF8000DFD15 /* WYFISAUITests.xctest */;
			productType = "com.apple.product-type.bundle.ui-testing";
		};
/* End PBXNativeTarget section */

/* Begin PBXProject section */
		C390906B1D2C9AF7000DFD15 /* Project object */ = {
			isa = PBXProject;
			attributes = {
				LastSwiftUpdateCheck = 0730;
				LastUpgradeCheck = 0730;
				ORGANIZATIONNAME = "RISE & RUN LLC";
				TargetAttributes = {
					C39090721D2C9AF7000DFD15 = {
						CreatedOnToolsVersion = 7.3.1;
						DevelopmentTeam = 5B5KD5S2Z5;
						ProvisioningStyle = Automatic;
					};
					C39090861D2C9AF8000DFD15 = {
						CreatedOnToolsVersion = 7.3.1;
						TestTargetID = C39090721D2C9AF7000DFD15;
					};
					C39090911D2C9AF8000DFD15 = {
						CreatedOnToolsVersion = 7.3.1;
						TestTargetID = C39090721D2C9AF7000DFD15;
					};
				};
			};
			buildConfigurationList = C390906E1D2C9AF7000DFD15 /* Build configuration list for PBXProject "WYFISA" */;
			compatibilityVersion = "Xcode 3.2";
			developmentRegion = English;
			hasScannedForEncodings = 0;
			knownRegions = (
				en,
				Base,
			);
			mainGroup = C390906A1D2C9AF7000DFD15;
			productRefGroup = C39090741D2C9AF7000DFD15 /* Products */;
			projectDirPath = "";
			projectRoot = "";
			targets = (
				C39090721D2C9AF7000DFD15 /* TurnTo */,
				C39090861D2C9AF8000DFD15 /* WYFISATests */,
				C39090911D2C9AF8000DFD15 /* WYFISAUITests */,
			);
		};
/* End PBXProject section */

/* Begin PBXResourcesBuildPhase section */
		C39090711D2C9AF7000DFD15 /* Resources */ = {
			isa = PBXResourcesBuildPhase;
			buildActionMask = 2147483647;
			files = (
				C3A5A73C1D9A1F6D00A22FDB /* t_kjv.db in Resources */,
				C379515D1D43D5F4003FB4F5 /* books.json in Resources */,
				C39090D01D2C9C88000DFD15 /* tessdata in Resources */,
				C316B6B61D3A35DE00E272A3 /* SplashScreen.storyboard in Resources */,
				C31A7BC71D7FB4D400654753 /* WYFISATutViewController.xib in Resources */,
				C3A5A7401D9A249E00A22FDB /* t_web.db in Resources */,
				C371D0931D44623F00F944CC /* Assets.xcassets in Resources */,
				C3F53B771D36945900E2F80D /* VerseTableViewCell.xib in Resources */,
				C30963DF1DEFD420009CD474 /* GoogleService-Info.plist in Resources */,
				C3A5A73E1D9A22FF00A22FDB /* cross_ref.db in Resources */,
				C390907C1D2C9AF8000DFD15 /* Main.storyboard in Resources */,
			);
			runOnlyForDeploymentPostprocessing = 0;
		};
		C39090851D2C9AF8000DFD15 /* Resources */ = {
			isa = PBXResourcesBuildPhase;
			buildActionMask = 2147483647;
			files = (
				C379515E1D43D5F4003FB4F5 /* books.json in Resources */,
				C38E6F1D1D3FDD1700833356 /* Assets.xcassets in Resources */,
				C34C52341D472E1A001E5F1A /* tessdata in Resources */,
			);
			runOnlyForDeploymentPostprocessing = 0;
		};
		C39090901D2C9AF8000DFD15 /* Resources */ = {
			isa = PBXResourcesBuildPhase;
			buildActionMask = 2147483647;
			files = (
			);
			runOnlyForDeploymentPostprocessing = 0;
		};
/* End PBXResourcesBuildPhase section */

/* Begin PBXShellScriptBuildPhase section */
		1EBA42FBDAA00F6C5AB0EA6C /* [CP] Embed Pods Frameworks */ = {
			isa = PBXShellScriptBuildPhase;
			buildActionMask = 2147483647;
			files = (
			);
			inputPaths = (
			);
			name = "[CP] Embed Pods Frameworks";
			outputPaths = (
			);
			runOnlyForDeploymentPostprocessing = 0;
			shellPath = /bin/sh;
			shellScript = "\"${SRCROOT}/Pods/Target Support Files/Pods-WYFISATests/Pods-WYFISATests-frameworks.sh\"\n";
			showEnvVarsInLog = 0;
		};
		4CA02A7352C49D622A5985CA /* [CP] Check Pods Manifest.lock */ = {
			isa = PBXShellScriptBuildPhase;
			buildActionMask = 2147483647;
			files = (
			);
			inputPaths = (
			);
			name = "[CP] Check Pods Manifest.lock";
			outputPaths = (
			);
			runOnlyForDeploymentPostprocessing = 0;
			shellPath = /bin/sh;
			shellScript = "diff \"${PODS_ROOT}/../Podfile.lock\" \"${PODS_ROOT}/Manifest.lock\" > /dev/null\nif [[ $? != 0 ]] ; then\n    cat << EOM\nerror: The sandbox is not in sync with the Podfile.lock. Run 'pod install' or update your CocoaPods installation.\nEOM\n    exit 1\nfi\n";
			showEnvVarsInLog = 0;
		};
		79D8976D47A968B6183153D9 /* [CP] Embed Pods Frameworks */ = {
			isa = PBXShellScriptBuildPhase;
			buildActionMask = 2147483647;
			files = (
			);
			inputPaths = (
			);
			name = "[CP] Embed Pods Frameworks";
			outputPaths = (
			);
			runOnlyForDeploymentPostprocessing = 0;
			shellPath = /bin/sh;
			shellScript = "\"${SRCROOT}/Pods/Target Support Files/Pods-TurnTo/Pods-TurnTo-frameworks.sh\"\n";
			showEnvVarsInLog = 0;
		};
		88E0BA67B097546918105B8E /* [CP] Copy Pods Resources */ = {
			isa = PBXShellScriptBuildPhase;
			buildActionMask = 2147483647;
			files = (
			);
			inputPaths = (
			);
			name = "[CP] Copy Pods Resources";
			outputPaths = (
			);
			runOnlyForDeploymentPostprocessing = 0;
			shellPath = /bin/sh;
			shellScript = "\"${SRCROOT}/Pods/Target Support Files/Pods-TurnTo/Pods-TurnTo-resources.sh\"\n";
			showEnvVarsInLog = 0;
		};
		C5F260872C3E7F8FC098B02E /* [CP] Copy Pods Resources */ = {
			isa = PBXShellScriptBuildPhase;
			buildActionMask = 2147483647;
			files = (
			);
			inputPaths = (
			);
			name = "[CP] Copy Pods Resources";
			outputPaths = (
			);
			runOnlyForDeploymentPostprocessing = 0;
			shellPath = /bin/sh;
			shellScript = "\"${SRCROOT}/Pods/Target Support Files/Pods-WYFISATests/Pods-WYFISATests-resources.sh\"\n";
			showEnvVarsInLog = 0;
		};
		D59691D1F4C6B956D367C0CB /* [CP] Check Pods Manifest.lock */ = {
			isa = PBXShellScriptBuildPhase;
			buildActionMask = 2147483647;
			files = (
			);
			inputPaths = (
			);
			name = "[CP] Check Pods Manifest.lock";
			outputPaths = (
			);
			runOnlyForDeploymentPostprocessing = 0;
			shellPath = /bin/sh;
			shellScript = "diff \"${PODS_ROOT}/../Podfile.lock\" \"${PODS_ROOT}/Manifest.lock\" > /dev/null\nif [[ $? != 0 ]] ; then\n    cat << EOM\nerror: The sandbox is not in sync with the Podfile.lock. Run 'pod install' or update your CocoaPods installation.\nEOM\n    exit 1\nfi\n";
			showEnvVarsInLog = 0;
		};
		D71E556E2E52E8313BC8F4A6 /* [CP] Check Pods Manifest.lock */ = {
			isa = PBXShellScriptBuildPhase;
			buildActionMask = 2147483647;
			files = (
			);
			inputPaths = (
			);
			name = "[CP] Check Pods Manifest.lock";
			outputPaths = (
			);
			runOnlyForDeploymentPostprocessing = 0;
			shellPath = /bin/sh;
			shellScript = "diff \"${PODS_ROOT}/../Podfile.lock\" \"${PODS_ROOT}/Manifest.lock\" > /dev/null\nif [[ $? != 0 ]] ; then\n    cat << EOM\nerror: The sandbox is not in sync with the Podfile.lock. Run 'pod install' or update your CocoaPods installation.\nEOM\n    exit 1\nfi\n";
			showEnvVarsInLog = 0;
		};
		E4D8CF0BA141658F11377302 /* [CP] Copy Pods Resources */ = {
			isa = PBXShellScriptBuildPhase;
			buildActionMask = 2147483647;
			files = (
			);
			inputPaths = (
			);
			name = "[CP] Copy Pods Resources";
			outputPaths = (
			);
			runOnlyForDeploymentPostprocessing = 0;
			shellPath = /bin/sh;
			shellScript = "\"${SRCROOT}/Pods/Target Support Files/Pods-WYFISAUITests/Pods-WYFISAUITests-resources.sh\"\n";
			showEnvVarsInLog = 0;
		};
/* End PBXShellScriptBuildPhase section */

/* Begin PBXSourcesBuildPhase section */
		C390906F1D2C9AF7000DFD15 /* Sources */ = {
			isa = PBXSourcesBuildPhase;
			buildActionMask = 2147483647;
			files = (
				C37951621D442023003FB4F5 /* OCR.swift in Sources */,
				C37951661D44306C003FB4F5 /* ImageFilter.swift in Sources */,
				C3355C591DE939380045E797 /* SearchViewController.swift in Sources */,
				C3F4FA221DF550CF00301445 /* ScriptViewController.swift in Sources */,
				C39090791D2C9AF8000DFD15 /* ViewController.swift in Sources */,
				C351DB4E1DEE7668009E853D /* KeyboardObserver.swift in Sources */,
				C316B6B21D3A11CC00E272A3 /* VerseDetailModalViewController.swift in Sources */,
				C30963E11DF03112009CD474 /* ScriptCollection.swift in Sources */,
				C3EE86B31E7111BC004CB24C /* CaptureViewController.swift in Sources */,
				C374B4A01D8CF4600083366E /* SettingsViewController.swift in Sources */,
				C3F53B761D36945900E2F80D /* VerseTableViewCell.swift in Sources */,
				C3E0712C1D4DB54900097D01 /* WYFISAFont.swift in Sources */,
				C37951601D43D62A003FB4F5 /* Books.swift in Sources */,
				C3466D611E65109E005EF365 /* VerseRecognition.swift in Sources */,
				C31A7BC61D7FB4D400654753 /* WYFISATutViewController.swift in Sources */,
				C312DE531D6C5A5E0098D0C5 /* WYFISATheme.swift in Sources */,
				C306DA0A1DB49B8300D1F962 /* VerseTableDataSource.swift in Sources */,
				C3F53B901D372C0200E2F80D /* TextMatcher.swift in Sources */,
				C3F53B961D37499700E2F80D /* DBQuery.swift in Sources */,
				C3606CE81DBBBACD00AE2E8B /* ScriptComposeViewController.swift in Sources */,
				C36A24FE1DECB0CE00D2880E /* VerseInfo.swift in Sources */,
				C37A7E3F1D3ABFF300F37F20 /* WYFISAExtentions.swift in Sources */,
				C338AF381D964B2F004E5E97 /* InfoViewController.swift in Sources */,
				C362A4441DACD662002B1AF4 /* InitViewController.swift in Sources */,
				C3F53B711D36219400E2F80D /* CameraManager.swift in Sources */,
				C351DB501DEF52D7009E853D /* Generics.swift in Sources */,
				C39090771D2C9AF8000DFD15 /* AppDelegate.swift in Sources */,
				C351DB4C1DEDE250009E853D /* CBStorage.swift in Sources */,
				C3AEF17C1DEB8D0C007750A8 /* NotesViewController.swift in Sources */,
				C323F3D71D86EE5B00A7EC95 /* SearchBarViewController.swift in Sources */,
				C3D5065A1D3932FB00A04C83 /* Animations.swift in Sources */,
				C3F53B791D36973D00E2F80D /* VerseTableView.swift in Sources */,
				C351DB521DEFCCEE009E853D /* FBStorage.swift in Sources */,
				C3466D5F1E650EA3005EF365 /* CaptureSession.swift in Sources */,
			);
			runOnlyForDeploymentPostprocessing = 0;
		};
		C39090831D2C9AF8000DFD15 /* Sources */ = {
			isa = PBXSourcesBuildPhase;
			buildActionMask = 2147483647;
			files = (
				C390908C1D2C9AF8000DFD15 /* WYFISATests.swift in Sources */,
			);
			runOnlyForDeploymentPostprocessing = 0;
		};
		C390908E1D2C9AF8000DFD15 /* Sources */ = {
			isa = PBXSourcesBuildPhase;
			buildActionMask = 2147483647;
			files = (
				C39090971D2C9AF8000DFD15 /* WYFISAUITests.swift in Sources */,
			);
			runOnlyForDeploymentPostprocessing = 0;
		};
/* End PBXSourcesBuildPhase section */

/* Begin PBXTargetDependency section */
		C39090891D2C9AF8000DFD15 /* PBXTargetDependency */ = {
			isa = PBXTargetDependency;
			target = C39090721D2C9AF7000DFD15 /* TurnTo */;
			targetProxy = C39090881D2C9AF8000DFD15 /* PBXContainerItemProxy */;
		};
		C39090941D2C9AF8000DFD15 /* PBXTargetDependency */ = {
			isa = PBXTargetDependency;
			target = C39090721D2C9AF7000DFD15 /* TurnTo */;
			targetProxy = C39090931D2C9AF8000DFD15 /* PBXContainerItemProxy */;
		};
/* End PBXTargetDependency section */

/* Begin PBXVariantGroup section */
		C390907A1D2C9AF8000DFD15 /* Main.storyboard */ = {
			isa = PBXVariantGroup;
			children = (
				C390907B1D2C9AF8000DFD15 /* Base */,
			);
			name = Main.storyboard;
			sourceTree = "<group>";
		};
/* End PBXVariantGroup section */

/* Begin XCBuildConfiguration section */
		C39090991D2C9AF8000DFD15 /* Debug */ = {
			isa = XCBuildConfiguration;
			buildSettings = {
				ALWAYS_SEARCH_USER_PATHS = NO;
				CLANG_ANALYZER_NONNULL = YES;
				CLANG_CXX_LANGUAGE_STANDARD = "gnu++0x";
				CLANG_CXX_LIBRARY = "compiler-default";
				CLANG_ENABLE_MODULES = YES;
				CLANG_ENABLE_OBJC_ARC = YES;
				CLANG_WARN_BOOL_CONVERSION = YES;
				CLANG_WARN_CONSTANT_CONVERSION = YES;
				CLANG_WARN_DIRECT_OBJC_ISA_USAGE = YES_ERROR;
				CLANG_WARN_EMPTY_BODY = YES;
				CLANG_WARN_ENUM_CONVERSION = YES;
				CLANG_WARN_INT_CONVERSION = YES;
				CLANG_WARN_OBJC_ROOT_CLASS = YES_ERROR;
				CLANG_WARN_UNREACHABLE_CODE = YES;
				CLANG_WARN__DUPLICATE_METHOD_MATCH = YES;
				CODE_SIGN_IDENTITY = "iPhone Distribution: RISE & RUN LLC (5B5KD5S2Z5)";
				"CODE_SIGN_IDENTITY[sdk=iphoneos*]" = "iPhone Distribution: RISE & RUN LLC (5B5KD5S2Z5)";
				COPY_PHASE_STRIP = NO;
				DEBUG_INFORMATION_FORMAT = dwarf;
				ENABLE_BITCODE = NO;
				ENABLE_STRICT_OBJC_MSGSEND = YES;
				ENABLE_TESTABILITY = YES;
				GCC_C_LANGUAGE_STANDARD = gnu99;
				GCC_DYNAMIC_NO_PIC = NO;
				GCC_NO_COMMON_BLOCKS = YES;
				GCC_OPTIMIZATION_LEVEL = 0;
				GCC_PREPROCESSOR_DEFINITIONS = (
					"DEBUG=1",
					"$(inherited)",
				);
				GCC_WARN_64_TO_32_BIT_CONVERSION = YES;
				GCC_WARN_ABOUT_RETURN_TYPE = YES_ERROR;
				GCC_WARN_UNDECLARED_SELECTOR = YES;
				GCC_WARN_UNINITIALIZED_AUTOS = YES_AGGRESSIVE;
				GCC_WARN_UNUSED_FUNCTION = YES;
				GCC_WARN_UNUSED_VARIABLE = YES;
				IPHONEOS_DEPLOYMENT_TARGET = 9.3;
				MTL_ENABLE_DEBUG_INFO = YES;
				ONLY_ACTIVE_ARCH = YES;
				PROVISIONING_PROFILE = "c4616784-547c-4722-82ca-fdac9e741a4b";
				SDKROOT = iphoneos;
				SWIFT_OPTIMIZATION_LEVEL = "-Onone";
				SWIFT_VERSION = 2.3;
				TEST_HOST = TurnTo;
				"TEST_HOST[sdk=*]" = TurnTo;
			};
			name = Debug;
		};
		C390909A1D2C9AF8000DFD15 /* Release */ = {
			isa = XCBuildConfiguration;
			buildSettings = {
				ALWAYS_SEARCH_USER_PATHS = NO;
				CLANG_ANALYZER_NONNULL = YES;
				CLANG_CXX_LANGUAGE_STANDARD = "gnu++0x";
				CLANG_CXX_LIBRARY = "compiler-default";
				CLANG_ENABLE_MODULES = YES;
				CLANG_ENABLE_OBJC_ARC = YES;
				CLANG_WARN_BOOL_CONVERSION = YES;
				CLANG_WARN_CONSTANT_CONVERSION = YES;
				CLANG_WARN_DIRECT_OBJC_ISA_USAGE = YES_ERROR;
				CLANG_WARN_EMPTY_BODY = YES;
				CLANG_WARN_ENUM_CONVERSION = YES;
				CLANG_WARN_INT_CONVERSION = YES;
				CLANG_WARN_OBJC_ROOT_CLASS = YES_ERROR;
				CLANG_WARN_UNREACHABLE_CODE = YES;
				CLANG_WARN__DUPLICATE_METHOD_MATCH = YES;
				CODE_SIGN_IDENTITY = "iPhone Distribution: RISE & RUN LLC (5B5KD5S2Z5)";
				"CODE_SIGN_IDENTITY[sdk=iphoneos*]" = "iPhone Distribution: RISE & RUN LLC (5B5KD5S2Z5)";
				COPY_PHASE_STRIP = NO;
				DEBUG_INFORMATION_FORMAT = "dwarf-with-dsym";
				ENABLE_BITCODE = NO;
				ENABLE_NS_ASSERTIONS = NO;
				ENABLE_STRICT_OBJC_MSGSEND = YES;
				GCC_C_LANGUAGE_STANDARD = gnu99;
				GCC_NO_COMMON_BLOCKS = YES;
				GCC_WARN_64_TO_32_BIT_CONVERSION = YES;
				GCC_WARN_ABOUT_RETURN_TYPE = YES_ERROR;
				GCC_WARN_UNDECLARED_SELECTOR = YES;
				GCC_WARN_UNINITIALIZED_AUTOS = YES_AGGRESSIVE;
				GCC_WARN_UNUSED_FUNCTION = YES;
				GCC_WARN_UNUSED_VARIABLE = YES;
				IPHONEOS_DEPLOYMENT_TARGET = 9.3;
				MTL_ENABLE_DEBUG_INFO = NO;
				PROVISIONING_PROFILE = "c4616784-547c-4722-82ca-fdac9e741a4b";
				SDKROOT = iphoneos;
				SWIFT_VERSION = 2.3;
				TEST_HOST = TurnTo;
				"TEST_HOST[sdk=*]" = TurnTo;
				VALIDATE_PRODUCT = YES;
			};
			name = Release;
		};
		C390909C1D2C9AF8000DFD15 /* Debug */ = {
			isa = XCBuildConfiguration;
			baseConfigurationReference = D2F27709CA69FB9B452B1096 /* Pods-TurnTo.debug.xcconfig */;
			buildSettings = {
				ASSETCATALOG_COMPILER_APPICON_NAME = AppIcon;
				CLANG_CXX_LIBRARY = "compiler-default";
				CLANG_ENABLE_MODULES = YES;
				CODE_SIGN_IDENTITY = "iPhone Developer: Tommie McAfee (FYYPPK2H2M)";
				"CODE_SIGN_IDENTITY[sdk=iphoneos*]" = "iPhone Developer";
				DEVELOPMENT_TEAM = 5B5KD5S2Z5;
				ENABLE_BITCODE = NO;
				INFOPLIST_FILE = WYFISA/Info.plist;
				LD_RUNPATH_SEARCH_PATHS = "$(inherited) @executable_path/Frameworks";
				PRODUCT_BUNDLE_IDENTIFIER = com.riserunllc.WYFISA;
				PRODUCT_NAME = "$(TARGET_NAME)";
				PROVISIONING_PROFILE = "";
				PROVISIONING_PROFILE_SPECIFIER = "";
				SWIFT_OBJC_BRIDGING_HEADER = "WYFISA-Bridging-Header.h";
				SWIFT_OPTIMIZATION_LEVEL = "-Onone";
			};
			name = Debug;
		};
		C390909D1D2C9AF8000DFD15 /* Release */ = {
			isa = XCBuildConfiguration;
			baseConfigurationReference = B7CA6EF516FA081AC3336C39 /* Pods-TurnTo.release.xcconfig */;
			buildSettings = {
				ASSETCATALOG_COMPILER_APPICON_NAME = AppIcon;
				CLANG_CXX_LIBRARY = "compiler-default";
				CLANG_ENABLE_MODULES = YES;
				CODE_SIGN_IDENTITY = "iPhone Developer: Tommie McAfee (FYYPPK2H2M)";
				"CODE_SIGN_IDENTITY[sdk=iphoneos*]" = "iPhone Developer";
				DEVELOPMENT_TEAM = 5B5KD5S2Z5;
				ENABLE_BITCODE = NO;
				INFOPLIST_FILE = WYFISA/Info.plist;
				LD_RUNPATH_SEARCH_PATHS = "$(inherited) @executable_path/Frameworks";
				PRODUCT_BUNDLE_IDENTIFIER = com.riserunllc.WYFISA;
				PRODUCT_NAME = "$(TARGET_NAME)";
				PROVISIONING_PROFILE = "";
				PROVISIONING_PROFILE_SPECIFIER = "";
				SWIFT_OBJC_BRIDGING_HEADER = "WYFISA-Bridging-Header.h";
			};
			name = Release;
		};
		C390909F1D2C9AF8000DFD15 /* Debug */ = {
			isa = XCBuildConfiguration;
			baseConfigurationReference = C036CFC08D857FBD0986B028 /* Pods-WYFISATests.debug.xcconfig */;
			buildSettings = {
				BUNDLE_LOADER = "$(TEST_HOST)";
				INFOPLIST_FILE = WYFISATests/Info.plist;
				LD_RUNPATH_SEARCH_PATHS = "$(inherited) @executable_path/Frameworks @loader_path/Frameworks";
				PRODUCT_BUNDLE_IDENTIFIER = com.riserunllc.WYFISATests;
				PRODUCT_NAME = "$(TARGET_NAME)";
				TEST_HOST = TurnTo;
				"TEST_HOST[sdk=*]" = TurnTo;
			};
			name = Debug;
		};
		C39090A01D2C9AF8000DFD15 /* Release */ = {
			isa = XCBuildConfiguration;
			baseConfigurationReference = DFB37D9B6C6699CDF4F5D6A3 /* Pods-WYFISATests.release.xcconfig */;
			buildSettings = {
				BUNDLE_LOADER = "$(TEST_HOST)";
				INFOPLIST_FILE = WYFISATests/Info.plist;
				LD_RUNPATH_SEARCH_PATHS = "$(inherited) @executable_path/Frameworks @loader_path/Frameworks";
				PRODUCT_BUNDLE_IDENTIFIER = com.riserunllc.WYFISATests;
				PRODUCT_NAME = "$(TARGET_NAME)";
				TEST_HOST = TurnTo;
			};
			name = Release;
		};
		C39090A21D2C9AF8000DFD15 /* Debug */ = {
			isa = XCBuildConfiguration;
			baseConfigurationReference = E61390F4B2C52154413DE31F /* Pods-WYFISAUITests.debug.xcconfig */;
			buildSettings = {
				INFOPLIST_FILE = WYFISAUITests/Info.plist;
				LD_RUNPATH_SEARCH_PATHS = "$(inherited) @executable_path/Frameworks @loader_path/Frameworks";
				PRODUCT_BUNDLE_IDENTIFIER = com.riserunllc.WYFISAUITests;
				PRODUCT_NAME = "$(TARGET_NAME)";
				PROVISIONING_PROFILE = "f76874b9-f307-41c8-9498-7d76e75434a6";
				TEST_TARGET_NAME = "Turn To";
			};
			name = Debug;
		};
		C39090A31D2C9AF8000DFD15 /* Release */ = {
			isa = XCBuildConfiguration;
			baseConfigurationReference = 3D9BF9E9813626DC314D056D /* Pods-WYFISAUITests.release.xcconfig */;
			buildSettings = {
				INFOPLIST_FILE = WYFISAUITests/Info.plist;
				LD_RUNPATH_SEARCH_PATHS = "$(inherited) @executable_path/Frameworks @loader_path/Frameworks";
				PRODUCT_BUNDLE_IDENTIFIER = com.riserunllc.WYFISAUITests;
				PRODUCT_NAME = "$(TARGET_NAME)";
				PROVISIONING_PROFILE = "f76874b9-f307-41c8-9498-7d76e75434a6";
				TEST_TARGET_NAME = "Turn To";
			};
			name = Release;
		};
/* End XCBuildConfiguration section */

/* Begin XCConfigurationList section */
		C390906E1D2C9AF7000DFD15 /* Build configuration list for PBXProject "WYFISA" */ = {
			isa = XCConfigurationList;
			buildConfigurations = (
				C39090991D2C9AF8000DFD15 /* Debug */,
				C390909A1D2C9AF8000DFD15 /* Release */,
			);
			defaultConfigurationIsVisible = 0;
			defaultConfigurationName = Release;
		};
		C390909B1D2C9AF8000DFD15 /* Build configuration list for PBXNativeTarget "TurnTo" */ = {
			isa = XCConfigurationList;
			buildConfigurations = (
				C390909C1D2C9AF8000DFD15 /* Debug */,
				C390909D1D2C9AF8000DFD15 /* Release */,
			);
			defaultConfigurationIsVisible = 0;
			defaultConfigurationName = Release;
		};
		C390909E1D2C9AF8000DFD15 /* Build configuration list for PBXNativeTarget "WYFISATests" */ = {
			isa = XCConfigurationList;
			buildConfigurations = (
				C390909F1D2C9AF8000DFD15 /* Debug */,
				C39090A01D2C9AF8000DFD15 /* Release */,
			);
			defaultConfigurationIsVisible = 0;
			defaultConfigurationName = Release;
		};
		C39090A11D2C9AF8000DFD15 /* Build configuration list for PBXNativeTarget "WYFISAUITests" */ = {
			isa = XCConfigurationList;
			buildConfigurations = (
				C39090A21D2C9AF8000DFD15 /* Debug */,
				C39090A31D2C9AF8000DFD15 /* Release */,
			);
			defaultConfigurationIsVisible = 0;
			defaultConfigurationName = Release;
		};
/* End XCConfigurationList section */
	};
	rootObject = C390906B1D2C9AF7000DFD15 /* Project object */;
}
